
Microsoft Visual Studio Solution File, Format Version 12.00
# Visual Studio Version 17
VisualStudioVersion = 17.3.32922.545
MinimumVisualStudioVersion = 10.0.40219.1
Project("{FAE04EC0-301F-11D3-BF4B-00C04F79EFBC}") = "Lesson9MassCollection", "Lesson9MassCollection.csproj", "{91BE85D3-F207-40F4-8525-4B76C5E89F34}"
EndProject
Global
	GlobalSection(SolutionConfigurationPlatforms) = preSolution
		Debug|Any CPU = Debug|Any CPU
		Release|Any CPU = Release|Any CPU
	EndGlobalSection
	GlobalSection(ProjectConfigurationPlatforms) = postSolution
		{91BE85D3-F207-40F4-8525-4B76C5E89F34}.Debug|Any CPU.ActiveCfg = Debug|Any CPU
		{91BE85D3-F207-40F4-8525-4B76C5E89F34}.Debug|Any CPU.Build.0 = Debug|Any CPU
		{91BE85D3-F207-40F4-8525-4B76C5E89F34}.Release|Any CPU.ActiveCfg = Release|Any CPU
		{91BE85D3-F207-40F4-8525-4B76C5E89F34}.Release|Any CPU.Build.0 = Release|Any CPU
	EndGlobalSection
	GlobalSection(SolutionProperties) = preSolution
		HideSolutionNode = FALSE
	EndGlobalSection
	GlobalSection(ExtensibilityGlobals) = postSolution
		SolutionGuid = {AEAB27EA-1C9A-40A4-B838-70C1180A4DD8}
	EndGlobalSection
EndGlobal
